
Microsoft Visual Studio Solution File, Format Version 12.00
# Visual Studio Version 17
VisualStudioVersion = 17.4.33110.190
MinimumVisualStudioVersion = 10.0.40219.1
Project("{FAE04EC0-301F-11D3-BF4B-00C04F79EFBC}") = "CampoMinado C Sharp", "CampoMinado C Sharp.csproj", "{835E9C4E-E750-488B-8D5C-A03C1E0EB687}"
EndProject
Global
	GlobalSection(SolutionConfigurationPlatforms) = preSolution
		Debug|Any CPU = Debug|Any CPU
		Release|Any CPU = Release|Any CPU
	EndGlobalSection
	GlobalSection(ProjectConfigurationPlatforms) = postSolution
		{835E9C4E-E750-488B-8D5C-A03C1E0EB687}.Debug|Any CPU.ActiveCfg = Debug|Any CPU
		{835E9C4E-E750-488B-8D5C-A03C1E0EB687}.Debug|Any CPU.Build.0 = Debug|Any CPU
		{835E9C4E-E750-488B-8D5C-A03C1E0EB687}.Release|Any CPU.ActiveCfg = Release|Any CPU
		{835E9C4E-E750-488B-8D5C-A03C1E0EB687}.Release|Any CPU.Build.0 = Release|Any CPU
	EndGlobalSection
	GlobalSection(SolutionProperties) = preSolution
		HideSolutionNode = FALSE
	EndGlobalSection
	GlobalSection(ExtensibilityGlobals) = postSolution
		SolutionGuid = {DB97DE52-7764-4F92-9631-F8B29042DA02}
	EndGlobalSection
EndGlobal
